
Microsoft Visual Studio Solution File, Format Version 12.00
# Visual Studio 15
VisualStudioVersion = 15.0.26124.0
MinimumVisualStudioVersion = 15.0.26124.0
Project("{FAE04EC0-301F-11D3-BF4B-00C04F79EFBC}") = "Domain", "Domain\Domain.csproj", "{9D1BF107-E1A1-4F09-8BF2-1CC2475F2E8B}"
EndProject
Project("{FAE04EC0-301F-11D3-BF4B-00C04F79EFBC}") = "Persistence", "Persistence\Persistence.csproj", "{A9463439-9DE5-4B46-9270-4353D4B9D2D5}"
EndProject
Project("{FAE04EC0-301F-11D3-BF4B-00C04F79EFBC}") = "Application", "Application\Application.csproj", "{A8A2AB59-79C8-4236-BE5C-E11C76177955}"
EndProject
Project("{FAE04EC0-301F-11D3-BF4B-00C04F79EFBC}") = "API", "API\API.csproj", "{EF5EB611-E44F-44C2-8660-48EE13F6A9EF}"
EndProject
Global
	GlobalSection(SolutionConfigurationPlatforms) = preSolution
		Debug|Any CPU = Debug|Any CPU
		Debug|x64 = Debug|x64
		Debug|x86 = Debug|x86
		Release|Any CPU = Release|Any CPU
		Release|x64 = Release|x64
		Release|x86 = Release|x86
	EndGlobalSection
	GlobalSection(SolutionProperties) = preSolution
		HideSolutionNode = FALSE
	EndGlobalSection
	GlobalSection(ProjectConfigurationPlatforms) = postSolution
		{9D1BF107-E1A1-4F09-8BF2-1CC2475F2E8B}.Debug|Any CPU.ActiveCfg = Debug|Any CPU
		{9D1BF107-E1A1-4F09-8BF2-1CC2475F2E8B}.Debug|Any CPU.Build.0 = Debug|Any CPU
		{9D1BF107-E1A1-4F09-8BF2-1CC2475F2E8B}.Debug|x64.ActiveCfg = Debug|Any CPU
		{9D1BF107-E1A1-4F09-8BF2-1CC2475F2E8B}.Debug|x64.Build.0 = Debug|Any CPU
		{9D1BF107-E1A1-4F09-8BF2-1CC2475F2E8B}.Debug|x86.ActiveCfg = Debug|Any CPU
		{9D1BF107-E1A1-4F09-8BF2-1CC2475F2E8B}.Debug|x86.Build.0 = Debug|Any CPU
		{9D1BF107-E1A1-4F09-8BF2-1CC2475F2E8B}.Release|Any CPU.ActiveCfg = Release|Any CPU
		{9D1BF107-E1A1-4F09-8BF2-1CC2475F2E8B}.Release|Any CPU.Build.0 = Release|Any CPU
		{9D1BF107-E1A1-4F09-8BF2-1CC2475F2E8B}.Release|x64.ActiveCfg = Release|Any CPU
		{9D1BF107-E1A1-4F09-8BF2-1CC2475F2E8B}.Release|x64.Build.0 = Release|Any CPU
		{9D1BF107-E1A1-4F09-8BF2-1CC2475F2E8B}.Release|x86.ActiveCfg = Release|Any CPU
		{9D1BF107-E1A1-4F09-8BF2-1CC2475F2E8B}.Release|x86.Build.0 = Release|Any CPU
		{A9463439-9DE5-4B46-9270-4353D4B9D2D5}.Debug|Any CPU.ActiveCfg = Debug|Any CPU
		{A9463439-9DE5-4B46-9270-4353D4B9D2D5}.Debug|Any CPU.Build.0 = Debug|Any CPU
		{A9463439-9DE5-4B46-9270-4353D4B9D2D5}.Debug|x64.ActiveCfg = Debug|Any CPU
		{A9463439-9DE5-4B46-9270-4353D4B9D2D5}.Debug|x64.Build.0 = Debug|Any CPU
		{A9463439-9DE5-4B46-9270-4353D4B9D2D5}.Debug|x86.ActiveCfg = Debug|Any CPU
		{A9463439-9DE5-4B46-9270-4353D4B9D2D5}.Debug|x86.Build.0 = Debug|Any CPU
		{A9463439-9DE5-4B46-9270-4353D4B9D2D5}.Release|Any CPU.ActiveCfg = Release|Any CPU
		{A9463439-9DE5-4B46-9270-4353D4B9D2D5}.Release|Any CPU.Build.0 = Release|Any CPU
		{A9463439-9DE5-4B46-9270-4353D4B9D2D5}.Release|x64.ActiveCfg = Release|Any CPU
		{A9463439-9DE5-4B46-9270-4353D4B9D2D5}.Release|x64.Build.0 = Release|Any CPU
		{A9463439-9DE5-4B46-9270-4353D4B9D2D5}.Release|x86.ActiveCfg = Release|Any CPU
		{A9463439-9DE5-4B46-9270-4353D4B9D2D5}.Release|x86.Build.0 = Release|Any CPU
		{A8A2AB59-79C8-4236-BE5C-E11C76177955}.Debug|Any CPU.ActiveCfg = Debug|Any CPU
		{A8A2AB59-79C8-4236-BE5C-E11C76177955}.Debug|Any CPU.Build.0 = Debug|Any CPU
		{A8A2AB59-79C8-4236-BE5C-E11C76177955}.Debug|x64.ActiveCfg = Debug|Any CPU
		{A8A2AB59-79C8-4236-BE5C-E11C76177955}.Debug|x64.Build.0 = Debug|Any CPU
		{A8A2AB59-79C8-4236-BE5C-E11C76177955}.Debug|x86.ActiveCfg = Debug|Any CPU
		{A8A2AB59-79C8-4236-BE5C-E11C76177955}.Debug|x86.Build.0 = Debug|Any CPU
		{A8A2AB59-79C8-4236-BE5C-E11C76177955}.Release|Any CPU.ActiveCfg = Release|Any CPU
		{A8A2AB59-79C8-4236-BE5C-E11C76177955}.Release|Any CPU.Build.0 = Release|Any CPU
		{A8A2AB59-79C8-4236-BE5C-E11C76177955}.Release|x64.ActiveCfg = Release|Any CPU
		{A8A2AB59-79C8-4236-BE5C-E11C76177955}.Release|x64.Build.0 = Release|Any CPU
		{A8A2AB59-79C8-4236-BE5C-E11C76177955}.Release|x86.ActiveCfg = Release|Any CPU
		{A8A2AB59-79C8-4236-BE5C-E11C76177955}.Release|x86.Build.0 = Release|Any CPU
		{EF5EB611-E44F-44C2-8660-48EE13F6A9EF}.Debug|Any CPU.ActiveCfg = Debug|Any CPU
		{EF5EB611-E44F-44C2-8660-48EE13F6A9EF}.Debug|Any CPU.Build.0 = Debug|Any CPU
		{EF5EB611-E44F-44C2-8660-48EE13F6A9EF}.Debug|x64.ActiveCfg = Debug|Any CPU
		{EF5EB611-E44F-44C2-8660-48EE13F6A9EF}.Debug|x64.Build.0 = Debug|Any CPU
		{EF5EB611-E44F-44C2-8660-48EE13F6A9EF}.Debug|x86.ActiveCfg = Debug|Any CPU
		{EF5EB611-E44F-44C2-8660-48EE13F6A9EF}.Debug|x86.Build.0 = Debug|Any CPU
		{EF5EB611-E44F-44C2-8660-48EE13F6A9EF}.Release|Any CPU.ActiveCfg = Release|Any CPU
		{EF5EB611-E44F-44C2-8660-48EE13F6A9EF}.Release|Any CPU.Build.0 = Release|Any CPU
		{EF5EB611-E44F-44C2-8660-48EE13F6A9EF}.Release|x64.ActiveCfg = Release|Any CPU
		{EF5EB611-E44F-44C2-8660-48EE13F6A9EF}.Release|x64.Build.0 = Release|Any CPU
		{EF5EB611-E44F-44C2-8660-48EE13F6A9EF}.Release|x86.ActiveCfg = Release|Any CPU
		{EF5EB611-E44F-44C2-8660-48EE13F6A9EF}.Release|x86.Build.0 = Release|Any CPU
	EndGlobalSection
EndGlobal
